{
  "version": 4,
  "terraform_version": "1.3.4",
  "serial": 16,
  "lineage": "dfc30c5a-8375-6e57-0a37-35783b333af8",
  "outputs": {},
  "resources": [
    {
      "mode": "managed",
      "type": "azurerm_app_service",
      "name": "exampleappaservice",
      "provider": "provider[\"registry.terraform.io/hashicorp/azurerm\"]",
      "instances": [
        {
          "schema_version": 0,
          "attributes": {
            "app_service_plan_id": "/subscriptions/d486b922-358a-4fd8-9887-d800ae394cbd/resourceGroups/eus-rsg-dev/providers/Microsoft.Web/serverFarms/eusappsvcplan",
            "app_settings": {
              "DOCKER_REGISTRY_SERVER_PASSWORD": "/5ANYWy3M4I5m0JJBBDRNZ1u+oe/EmTKsIdsFFRP6U+ACRApjR10",
              "DOCKER_REGISTRY_SERVER_URL": "https://eusacrdev.azurecr.io",
              "DOCKER_REGISTRY_SERVER_USERNAME": "eusacrdev",
              "WEBSITES_PORT": "80"
            },
            "auth_settings": [
              {
                "active_directory": [],
                "additional_login_params": {},
                "allowed_external_redirect_urls": [],
                "default_provider": "",
                "enabled": false,
                "facebook": [],
                "google": [],
                "issuer": "",
                "microsoft": [],
                "runtime_version": "",
                "token_refresh_extension_hours": 0,
                "token_store_enabled": false,
                "twitter": [],
                "unauthenticated_client_action": ""
              }
            ],
            "backup": [],
            "client_affinity_enabled": false,
            "client_cert_enabled": false,
            "client_cert_mode": "Required",
            "connection_string": [],
            "custom_domain_verification_id": "C9400CD52EE5D361B21948B3112D79510A2F4E2904F92EECCFBD295E51CA3CFD",
            "default_site_hostname": "eusappsvcrestapi.azurewebsites.net",
            "enabled": true,
            "https_only": true,
            "id": "/subscriptions/d486b922-358a-4fd8-9887-d800ae394cbd/resourceGroups/eus-rsg-dev/providers/Microsoft.Web/sites/eusappsvcrestapi",
            "identity": [],
            "key_vault_reference_identity_id": "SystemAssigned",
            "location": "eastus",
            "logs": [
              {
                "application_logs": [
                  {
                    "azure_blob_storage": [],
                    "file_system_level": "Off"
                  }
                ],
                "detailed_error_messages_enabled": false,
                "failed_request_tracing_enabled": false,
                "http_logs": [
                  {
                    "azure_blob_storage": [],
                    "file_system": []
                  }
                ]
              }
            ],
            "name": "eusappsvcrestapi",
            "outbound_ip_address_list": [
              "20.241.146.223",
              "20.241.146.241",
              "20.241.147.58",
              "20.241.147.85",
              "20.241.147.165",
              "20.241.147.174",
              "20.119.0.28"
            ],
            "outbound_ip_addresses": "20.241.146.223,20.241.146.241,20.241.147.58,20.241.147.85,20.241.147.165,20.241.147.174,20.119.0.28",
            "possible_outbound_ip_address_list": [
              "20.241.146.223",
              "20.241.146.241",
              "20.241.147.58",
              "20.241.147.85",
              "20.241.147.165",
              "20.241.147.174",
              "20.241.147.183",
              "20.241.147.185",
              "20.241.147.243",
              "20.241.148.129",
              "20.241.148.158",
              "20.241.148.192",
              "20.241.148.209",
              "20.241.148.210",
              "20.241.146.195",
              "20.241.148.212",
              "20.241.148.246",
              "20.241.149.67",
              "20.241.149.123",
              "20.241.149.124",
              "20.241.149.138",
              "20.241.149.141",
              "20.241.149.193",
              "20.241.149.199",
              "20.119.0.28"
            ],
            "possible_outbound_ip_addresses": "20.241.146.223,20.241.146.241,20.241.147.58,20.241.147.85,20.241.147.165,20.241.147.174,20.241.147.183,20.241.147.185,20.241.147.243,20.241.148.129,20.241.148.158,20.241.148.192,20.241.148.209,20.241.148.210,20.241.146.195,20.241.148.212,20.241.148.246,20.241.149.67,20.241.149.123,20.241.149.124,20.241.149.138,20.241.149.141,20.241.149.193,20.241.149.199,20.119.0.28",
            "resource_group_name": "eus-rsg-dev",
            "site_config": [
              {
                "acr_use_managed_identity_credentials": false,
                "acr_user_managed_identity_client_id": "",
                "always_on": true,
                "app_command_line": "",
                "auto_swap_slot_name": "",
                "cors": [
                  {
                    "allowed_origins": [],
                    "support_credentials": false
                  }
                ],
                "default_documents": [],
                "dotnet_framework_version": "v4.0",
                "ftps_state": "FtpsOnly",
                "health_check_path": "",
                "http2_enabled": false,
                "ip_restriction": [],
                "java_container": "",
                "java_container_version": "",
                "java_version": "",
                "linux_fx_version": "DOCKER|eusacrdev.azurecr.iorestapi/:latest",
                "local_mysql_enabled": false,
                "managed_pipeline_mode": "Integrated",
                "min_tls_version": "1.2",
                "number_of_workers": 1,
                "php_version": "",
                "python_version": "",
                "remote_debugging_enabled": false,
                "remote_debugging_version": "VS2019",
                "scm_ip_restriction": [],
                "scm_type": "None",
                "scm_use_main_ip_restriction": false,
                "use_32_bit_worker_process": false,
                "vnet_route_all_enabled": false,
                "websockets_enabled": false,
                "windows_fx_version": ""
              }
            ],
            "site_credential": [
              {
                "password": "AQLw4NobLQF_TbLwuULNkNgAA4eUsgE.1fFOAd47h3TuVtkRGKgT_4wKopy8ImMZpsxaRBfxXVc",
                "username": "$eusappsvcrestapi"
              }
            ],
            "source_control": [
              {
                "branch": "main",
                "manual_integration": false,
                "repo_url": "",
                "rollback_enabled": false,
                "use_mercurial": false
              }
            ],
            "storage_account": [],
            "tags": {},
            "timeouts": null
          },
          "sensitive_attributes": [
            [
              {
                "type": "get_attr",
                "value": "app_settings"
              },
              {
                "type": "index",
                "value": {
                  "value": "DOCKER_REGISTRY_SERVER_PASSWORD",
                  "type": "string"
                }
              }
            ]
          ],
          "private": "eyJlMmJmYjczMC1lY2FhLTExZTYtOGY4OC0zNDM2M2JjN2M0YzAiOnsiY3JlYXRlIjoxODAwMDAwMDAwMDAwLCJkZWxldGUiOjE4MDAwMDAwMDAwMDAsInJlYWQiOjMwMDAwMDAwMDAwMCwidXBkYXRlIjoxODAwMDAwMDAwMDAwfX0=",
          "dependencies": [
            "azurerm_app_service_plan.example",
            "azurerm_container_registry.example",
            "azurerm_resource_group.example"
          ]
        }
      ]
    },
    {
      "mode": "managed",
      "type": "azurerm_app_service_plan",
      "name": "example",
      "provider": "provider[\"registry.terraform.io/hashicorp/azurerm\"]",
      "instances": [
        {
          "schema_version": 1,
          "attributes": {
            "app_service_environment_id": "",
            "id": "/subscriptions/d486b922-358a-4fd8-9887-d800ae394cbd/resourceGroups/eus-rsg-dev/providers/Microsoft.Web/serverFarms/eusappsvcplan",
            "is_xenon": false,
            "kind": "linux",
            "location": "eastus",
            "maximum_elastic_worker_count": 1,
            "maximum_number_of_workers": 3,
            "name": "eusappsvcplan",
            "per_site_scaling": false,
            "reserved": true,
            "resource_group_name": "eus-rsg-dev",
            "sku": [
              {
                "capacity": 1,
                "size": "B1",
                "tier": "Basic"
              }
            ],
            "tags": {},
            "timeouts": null,
            "zone_redundant": false
          },
          "sensitive_attributes": [],
          "private": "eyJlMmJmYjczMC1lY2FhLTExZTYtOGY4OC0zNDM2M2JjN2M0YzAiOnsiY3JlYXRlIjozNjAwMDAwMDAwMDAwLCJkZWxldGUiOjM2MDAwMDAwMDAwMDAsInJlYWQiOjMwMDAwMDAwMDAwMCwidXBkYXRlIjozNjAwMDAwMDAwMDAwfSwic2NoZW1hX3ZlcnNpb24iOiIxIn0=",
          "dependencies": [
            "azurerm_resource_group.example"
          ]
        }
      ]
    },
    {
      "mode": "managed",
      "type": "azurerm_container_registry",
      "name": "example",
      "provider": "provider[\"registry.terraform.io/hashicorp/azurerm\"]",
      "instances": [
        {
          "schema_version": 2,
          "attributes": {
            "admin_enabled": true,
            "admin_password": "/5ANYWy3M4I5m0JJBBDRNZ1u+oe/EmTKsIdsFFRP6U+ACRApjR10",
            "admin_username": "eusacrdev",
            "anonymous_pull_enabled": false,
            "data_endpoint_enabled": false,
            "encryption": [
              {
                "enabled": false,
                "identity_client_id": "",
                "key_vault_key_id": ""
              }
            ],
            "export_policy_enabled": true,
            "georeplications": [],
            "id": "/subscriptions/d486b922-358a-4fd8-9887-d800ae394cbd/resourceGroups/eus-rsg-dev/providers/Microsoft.ContainerRegistry/registries/eusacrdev",
            "identity": [],
            "location": "eastus",
            "login_server": "eusacrdev.azurecr.io",
            "name": "eusacrdev",
            "network_rule_bypass_option": "AzureServices",
            "network_rule_set": [],
            "public_network_access_enabled": true,
            "quarantine_policy_enabled": false,
            "resource_group_name": "eus-rsg-dev",
            "retention_policy": [
              {
                "days": 7,
                "enabled": false
              }
            ],
            "sku": "Basic",
            "tags": {},
            "timeouts": null,
            "trust_policy": [
              {
                "enabled": false
              }
            ],
            "zone_redundancy_enabled": false
          },
          "sensitive_attributes": [],
          "private": "eyJlMmJmYjczMC1lY2FhLTExZTYtOGY4OC0zNDM2M2JjN2M0YzAiOnsiY3JlYXRlIjoxODAwMDAwMDAwMDAwLCJkZWxldGUiOjE4MDAwMDAwMDAwMDAsInJlYWQiOjMwMDAwMDAwMDAwMCwidXBkYXRlIjoxODAwMDAwMDAwMDAwfSwic2NoZW1hX3ZlcnNpb24iOiIyIn0=",
          "dependencies": [
            "azurerm_resource_group.example"
          ]
        }
      ]
    },
    {
      "mode": "managed",
      "type": "azurerm_resource_group",
      "name": "example",
      "provider": "provider[\"registry.terraform.io/hashicorp/azurerm\"]",
      "instances": [
        {
          "schema_version": 0,
          "attributes": {
            "id": "/subscriptions/d486b922-358a-4fd8-9887-d800ae394cbd/resourceGroups/eus-rsg-dev",
            "location": "eastus",
            "managed_by": "",
            "name": "eus-rsg-dev",
            "tags": {},
            "timeouts": null
          },
          "sensitive_attributes": [],
          "private": "eyJlMmJmYjczMC1lY2FhLTExZTYtOGY4OC0zNDM2M2JjN2M0YzAiOnsiY3JlYXRlIjo1NDAwMDAwMDAwMDAwLCJkZWxldGUiOjU0MDAwMDAwMDAwMDAsInJlYWQiOjMwMDAwMDAwMDAwMCwidXBkYXRlIjo1NDAwMDAwMDAwMDAwfX0="
        }
      ]
    }
  ],
  "check_results": null
}
